
Microsoft Visual Studio Solution File, Format Version 12.00
# Visual Studio Version 16
VisualStudioVersion = 16.0.30907.101
MinimumVisualStudioVersion = 10.0.40219.1
Project("{FAE04EC0-301F-11D3-BF4B-00C04F79EFBC}") = "RPSLS", "RPSLS\RPSLS.csproj", "{344C08FE-156C-4CAD-8FFF-E7B369C1D7CE}"
EndProject
Global
	GlobalSection(SolutionConfigurationPlatforms) = preSolution
		Debug|Any CPU = Debug|Any CPU
		Release|Any CPU = Release|Any CPU
	EndGlobalSection
	GlobalSection(ProjectConfigurationPlatforms) = postSolution
		{344C08FE-156C-4CAD-8FFF-E7B369C1D7CE}.Debug|Any CPU.ActiveCfg = Debug|Any CPU
		{344C08FE-156C-4CAD-8FFF-E7B369C1D7CE}.Debug|Any CPU.Build.0 = Debug|Any CPU
		{344C08FE-156C-4CAD-8FFF-E7B369C1D7CE}.Release|Any CPU.ActiveCfg = Release|Any CPU
		{344C08FE-156C-4CAD-8FFF-E7B369C1D7CE}.Release|Any CPU.Build.0 = Release|Any CPU
	EndGlobalSection
	GlobalSection(SolutionProperties) = preSolution
		HideSolutionNode = FALSE
	EndGlobalSection
	GlobalSection(ExtensibilityGlobals) = postSolution
		SolutionGuid = {AE7CED2A-E5FB-4B22-A099-5F91D062EC56}
	EndGlobalSection
EndGlobal
